
Microsoft Visual Studio Solution File, Format Version 12.00
# Visual Studio Version 16
VisualStudioVersion = 16.0.29521.150
MinimumVisualStudioVersion = 10.0.40219.1
Project("{9A19103F-16F7-4668-BE54-9A1E7A4F7556}") = "BitlyDotNet", "BitlyDotNet\BitlyDotNet.csproj", "{3B77D81C-43A3-4455-BF18-AD76786BBF4D}"
EndProject
Project("{FAE04EC0-301F-11D3-BF4B-00C04F79EFBC}") = "BitlyDotNet.Tests", "BitlyDotNet.Tests\BitlyDotNet.Tests.csproj", "{F49EA0F5-CCC5-4854-AED6-7E2037FEF57A}"
EndProject
Global
	GlobalSection(SolutionConfigurationPlatforms) = preSolution
		Debug|Any CPU = Debug|Any CPU
		Release|Any CPU = Release|Any CPU
	EndGlobalSection
	GlobalSection(ProjectConfigurationPlatforms) = postSolution
		{3B77D81C-43A3-4455-BF18-AD76786BBF4D}.Debug|Any CPU.ActiveCfg = Debug|Any CPU
		{3B77D81C-43A3-4455-BF18-AD76786BBF4D}.Debug|Any CPU.Build.0 = Debug|Any CPU
		{3B77D81C-43A3-4455-BF18-AD76786BBF4D}.Release|Any CPU.ActiveCfg = Release|Any CPU
		{3B77D81C-43A3-4455-BF18-AD76786BBF4D}.Release|Any CPU.Build.0 = Release|Any CPU
		{F49EA0F5-CCC5-4854-AED6-7E2037FEF57A}.Debug|Any CPU.ActiveCfg = Debug|Any CPU
		{F49EA0F5-CCC5-4854-AED6-7E2037FEF57A}.Debug|Any CPU.Build.0 = Debug|Any CPU
		{F49EA0F5-CCC5-4854-AED6-7E2037FEF57A}.Release|Any CPU.ActiveCfg = Release|Any CPU
		{F49EA0F5-CCC5-4854-AED6-7E2037FEF57A}.Release|Any CPU.Build.0 = Release|Any CPU
	EndGlobalSection
	GlobalSection(SolutionProperties) = preSolution
		HideSolutionNode = FALSE
	EndGlobalSection
	GlobalSection(ExtensibilityGlobals) = postSolution
		SolutionGuid = {2BE0A546-2755-4BCB-BAA3-FB154E7D76F2}
	EndGlobalSection
EndGlobal
